// !$*UTF8*$!
{
	archiveVersion = 1;
	classes = {
	};
	objectVersion = 50;
	objects = {

/* Begin PBXBuildFile section */
		D055FF342792D9DF008E1F3F /* MenuView.swift in Sources */ = {isa = PBXBuildFile; fileRef = D055FF332792D9DF008E1F3F /* MenuView.swift */; };
		D055FF3727935250008E1F3F /* CustomizeView.swift in Sources */ = {isa = PBXBuildFile; fileRef = D055FF3627935250008E1F3F /* CustomizeView.swift */; };
		D05B278A277B8B5A0088F187 /* AppDelegate.swift in Sources */ = {isa = PBXBuildFile; fileRef = D05B2789277B8B5A0088F187 /* AppDelegate.swift */; };
		D05B278C277B8B5A0088F187 /* SceneDelegate.swift in Sources */ = {isa = PBXBuildFile; fileRef = D05B278B277B8B5A0088F187 /* SceneDelegate.swift */; };
		D05B278E277B8B5A0088F187 /* ContentView.swift in Sources */ = {isa = PBXBuildFile; fileRef = D05B278D277B8B5A0088F187 /* ContentView.swift */; };
		D05B2790277B8B5D0088F187 /* Assets.xcassets in Resources */ = {isa = PBXBuildFile; fileRef = D05B278F277B8B5D0088F187 /* Assets.xcassets */; };
		D05B2793277B8B5D0088F187 /* Preview Assets.xcassets in Resources */ = {isa = PBXBuildFile; fileRef = D05B2792277B8B5D0088F187 /* Preview Assets.xcassets */; };
		D05B2796277B8B5D0088F187 /* LaunchScreen.storyboard in Resources */ = {isa = PBXBuildFile; fileRef = D05B2794277B8B5D0088F187 /* LaunchScreen.storyboard */; };
		D05B279F277B8EDE0088F187 /* menu.json in Resources */ = {isa = PBXBuildFile; fileRef = D05B279E277B8EDE0088F187 /* menu.json */; };
		D05B27A2277B924F0088F187 /* Drink.swift in Sources */ = {isa = PBXBuildFile; fileRef = D05B27A1277B924F0088F187 /* Drink.swift */; };
		D05B27A5277B957F0088F187 /* MenuSection.swift in Sources */ = {isa = PBXBuildFile; fileRef = D05B27A4277B957F0088F187 /* MenuSection.swift */; };
		D05B27A8277B98070088F187 /* Menu.swift in Sources */ = {isa = PBXBuildFile; fileRef = D05B27A7277B98070088F187 /* Menu.swift */; };
/* End PBXBuildFile section */

/* Begin PBXFileReference section */
		D055FF332792D9DF008E1F3F /* MenuView.swift */ = {isa = PBXFileReference; lastKnownFileType = sourcecode.swift; path = MenuView.swift; sourceTree = "<group>"; };
		D055FF3627935250008E1F3F /* CustomizeView.swift */ = {isa = PBXFileReference; lastKnownFileType = sourcecode.swift; path = CustomizeView.swift; sourceTree = "<group>"; };
		D05B2786277B8B5A0088F187 /* CoolBeans.app */ = {isa = PBXFileReference; explicitFileType = wrapper.application; includeInIndex = 0; path = CoolBeans.app; sourceTree = BUILT_PRODUCTS_DIR; };
		D05B2789277B8B5A0088F187 /* AppDelegate.swift */ = {isa = PBXFileReference; lastKnownFileType = sourcecode.swift; path = AppDelegate.swift; sourceTree = "<group>"; };
		D05B278B277B8B5A0088F187 /* SceneDelegate.swift */ = {isa = PBXFileReference; lastKnownFileType = sourcecode.swift; path = SceneDelegate.swift; sourceTree = "<group>"; };
		D05B278D277B8B5A0088F187 /* ContentView.swift */ = {isa = PBXFileReference; lastKnownFileType = sourcecode.swift; path = ContentView.swift; sourceTree = "<group>"; };
		D05B278F277B8B5D0088F187 /* Assets.xcassets */ = {isa = PBXFileReference; lastKnownFileType = folder.assetcatalog; path = Assets.xcassets; sourceTree = "<group>"; };
		D05B2792277B8B5D0088F187 /* Preview Assets.xcassets */ = {isa = PBXFileReference; lastKnownFileType = folder.assetcatalog; path = "Preview Assets.xcassets"; sourceTree = "<group>"; };
		D05B2795277B8B5D0088F187 /* Base */ = {isa = PBXFileReference; lastKnownFileType = file.storyboard; name = Base; path = Base.lproj/LaunchScreen.storyboard; sourceTree = "<group>"; };
		D05B2797277B8B5D0088F187 /* Info.plist */ = {isa = PBXFileReference; lastKnownFileType = text.plist.xml; path = Info.plist; sourceTree = "<group>"; };
		D05B279E277B8EDE0088F187 /* menu.json */ = {isa = PBXFileReference; fileEncoding = 4; lastKnownFileType = text.json; path = menu.json; sourceTree = "<group>"; };
		D05B27A1277B924F0088F187 /* Drink.swift */ = {isa = PBXFileReference; lastKnownFileType = sourcecode.swift; path = Drink.swift; sourceTree = "<group>"; };
		D05B27A4277B957F0088F187 /* MenuSection.swift */ = {isa = PBXFileReference; lastKnownFileType = sourcecode.swift; path = MenuSection.swift; sourceTree = "<group>"; };
		D05B27A7277B98070088F187 /* Menu.swift */ = {isa = PBXFileReference; lastKnownFileType = sourcecode.swift; path = Menu.swift; sourceTree = "<group>"; };
/* End PBXFileReference section */

/* Begin PBXFrameworksBuildPhase section */
		D05B2783277B8B5A0088F187 /* Frameworks */ = {
			isa = PBXFrameworksBuildPhase;
			buildActionMask = 2147483647;
			files = (
			);
			runOnlyForDeploymentPostprocessing = 0;
		};
/* End PBXFrameworksBuildPhase section */

/* Begin PBXGroup section */
		D05B277D277B8B5A0088F187 = {
			isa = PBXGroup;
			children = (
				D05B2788277B8B5A0088F187 /* CoolBeans */,
				D05B2787277B8B5A0088F187 /* Products */,
			);
			sourceTree = "<group>";
		};
		D05B2787277B8B5A0088F187 /* Products */ = {
			isa = PBXGroup;
			children = (
				D05B2786277B8B5A0088F187 /* CoolBeans.app */,
			);
			name = Products;
			sourceTree = "<group>";
		};
		D05B2788277B8B5A0088F187 /* CoolBeans */ = {
			isa = PBXGroup;
			children = (
				D05B2789277B8B5A0088F187 /* AppDelegate.swift */,
				D05B278B277B8B5A0088F187 /* SceneDelegate.swift */,
				D05B278D277B8B5A0088F187 /* ContentView.swift */,
				D055FF332792D9DF008E1F3F /* MenuView.swift */,
				D055FF3627935250008E1F3F /* CustomizeView.swift */,
				D05B279E277B8EDE0088F187 /* menu.json */,
				D05B27A4277B957F0088F187 /* MenuSection.swift */,
				D05B27A7277B98070088F187 /* Menu.swift */,
				D05B278F277B8B5D0088F187 /* Assets.xcassets */,
				D05B27A1277B924F0088F187 /* Drink.swift */,
				D05B2794277B8B5D0088F187 /* LaunchScreen.storyboard */,
				D05B2797277B8B5D0088F187 /* Info.plist */,
				D05B2791277B8B5D0088F187 /* Preview Content */,
			);
			path = CoolBeans;
			sourceTree = "<group>";
		};
		D05B2791277B8B5D0088F187 /* Preview Content */ = {
			isa = PBXGroup;
			children = (
				D05B2792277B8B5D0088F187 /* Preview Assets.xcassets */,
			);
			path = "Preview Content";
			sourceTree = "<group>";
		};
/* End PBXGroup section */

/* Begin PBXNativeTarget section */
		D05B2785277B8B5A0088F187 /* CoolBeans */ = {
			isa = PBXNativeTarget;
			buildConfigurationList = D05B279A277B8B5D0088F187 /* Build configuration list for PBXNativeTarget "CoolBeans" */;
			buildPhases = (
				D05B2782277B8B5A0088F187 /* Sources */,
				D05B2783277B8B5A0088F187 /* Frameworks */,
				D05B2784277B8B5A0088F187 /* Resources */,
			);
			buildRules = (
			);
			dependencies = (
			);
			name = CoolBeans;
			productName = CoolBeans;
			productReference = D05B2786277B8B5A0088F187 /* CoolBeans.app */;
			productType = "com.apple.product-type.application";
		};
/* End PBXNativeTarget section */

/* Begin PBXProject section */
		D05B277E277B8B5A0088F187 /* Project object */ = {
			isa = PBXProject;
			attributes = {
				LastSwiftUpdateCheck = 1240;
				LastUpgradeCheck = 1240;
				TargetAttributes = {
					D05B2785277B8B5A0088F187 = {
						CreatedOnToolsVersion = 12.4;
					};
				};
			};
			buildConfigurationList = D05B2781277B8B5A0088F187 /* Build configuration list for PBXProject "CoolBeans" */;
			compatibilityVersion = "Xcode 9.3";
			developmentRegion = en;
			hasScannedForEncodings = 0;
			knownRegions = (
				en,
				Base,
			);
			mainGroup = D05B277D277B8B5A0088F187;
			productRefGroup = D05B2787277B8B5A0088F187 /* Products */;
			projectDirPath = "";
			projectRoot = "";
			targets = (
				D05B2785277B8B5A0088F187 /* CoolBeans */,
			);
		};
/* End PBXProject section */

/* Begin PBXResourcesBuildPhase section */
		D05B2784277B8B5A0088F187 /* Resources */ = {
			isa = PBXResourcesBuildPhase;
			buildActionMask = 2147483647;
			files = (
				D05B2796277B8B5D0088F187 /* LaunchScreen.storyboard in Resources */,
				D05B2793277B8B5D0088F187 /* Preview Assets.xcassets in Resources */,
				D05B279F277B8EDE0088F187 /* menu.json in Resources */,
				D05B2790277B8B5D0088F187 /* Assets.xcassets in Resources */,
			);
			runOnlyForDeploymentPostprocessing = 0;
		};
/* End PBXResourcesBuildPhase section */

/* Begin PBXSourcesBuildPhase section */
		D05B2782277B8B5A0088F187 /* Sources */ = {
			isa = PBXSourcesBuildPhase;
			buildActionMask = 2147483647;
			files = (
				D055FF342792D9DF008E1F3F /* MenuView.swift in Sources */,
				D05B27A8277B98070088F187 /* Menu.swift in Sources */,
				D05B27A5277B957F0088F187 /* MenuSection.swift in Sources */,
				D05B278A277B8B5A0088F187 /* AppDelegate.swift in Sources */,
				D055FF3727935250008E1F3F /* CustomizeView.swift in Sources */,
				D05B278C277B8B5A0088F187 /* SceneDelegate.swift in Sources */,
				D05B27A2277B924F0088F187 /* Drink.swift in Sources */,
				D05B278E277B8B5A0088F187 /* ContentView.swift in Sources */,
			);
			runOnlyForDeploymentPostprocessing = 0;
		};
/* End PBXSourcesBuildPhase section */

/* Begin PBXVariantGroup section */
		D05B2794277B8B5D0088F187 /* LaunchScreen.storyboard */ = {
			isa = PBXVariantGroup;
			children = (
				D05B2795277B8B5D0088F187 /* Base */,
			);
			name = LaunchScreen.storyboard;
			sourceTree = "<group>";
		};
/* End PBXVariantGroup section */

/* Begin XCBuildConfiguration section */
		D05B2798277B8B5D0088F187 /* Debug */ = {
			isa = XCBuildConfiguration;
			buildSettings = {
				ALWAYS_SEARCH_USER_PATHS = NO;
				CLANG_ANALYZER_NONNULL = YES;
				CLANG_ANALYZER_NUMBER_OBJECT_CONVERSION = YES_AGGRESSIVE;
				CLANG_CXX_LANGUAGE_STANDARD = "gnu++14";
				CLANG_CXX_LIBRARY = "libc++";
				CLANG_ENABLE_MODULES = YES;
				CLANG_ENABLE_OBJC_ARC = YES;
				CLANG_ENABLE_OBJC_WEAK = YES;
				CLANG_WARN_BLOCK_CAPTURE_AUTORELEASING = YES;
				CLANG_WARN_BOOL_CONVERSION = YES;
				CLANG_WARN_COMMA = YES;
				CLANG_WARN_CONSTANT_CONVERSION = YES;
				CLANG_WARN_DEPRECATED_OBJC_IMPLEMENTATIONS = YES;
				CLANG_WARN_DIRECT_OBJC_ISA_USAGE = YES_ERROR;
				CLANG_WARN_DOCUMENTATION_COMMENTS = YES;
				CLANG_WARN_EMPTY_BODY = YES;
				CLANG_WARN_ENUM_CONVERSION = YES;
				CLANG_WARN_INFINITE_RECURSION = YES;
				CLANG_WARN_INT_CONVERSION = YES;
				CLANG_WARN_NON_LITERAL_NULL_CONVERSION = YES;
				CLANG_WARN_OBJC_IMPLICIT_RETAIN_SELF = YES;
				CLANG_WARN_OBJC_LITERAL_CONVERSION = YES;
				CLANG_WARN_OBJC_ROOT_CLASS = YES_ERROR;
				CLANG_WARN_QUOTED_INCLUDE_IN_FRAMEWORK_HEADER = YES;
				CLANG_WARN_RANGE_LOOP_ANALYSIS = YES;
				CLANG_WARN_STRICT_PROTOTYPES = YES;
				CLANG_WARN_SUSPICIOUS_MOVE = YES;
				CLANG_WARN_UNGUARDED_AVAILABILITY = YES_AGGRESSIVE;
				CLANG_WARN_UNREACHABLE_CODE = YES;
				CLANG_WARN__DUPLICATE_METHOD_MATCH = YES;
				COPY_PHASE_STRIP = NO;
				DEBUG_INFORMATION_FORMAT = dwarf;
				ENABLE_STRICT_OBJC_MSGSEND = YES;
				ENABLE_TESTABILITY = YES;
				GCC_C_LANGUAGE_STANDARD = gnu11;
				GCC_DYNAMIC_NO_PIC = NO;
				GCC_NO_COMMON_BLOCKS = YES;
				GCC_OPTIMIZATION_LEVEL = 0;
				GCC_PREPROCESSOR_DEFINITIONS = (
					"DEBUG=1",
					"$(inherited)",
				);
				GCC_WARN_64_TO_32_BIT_CONVERSION = YES;
				GCC_WARN_ABOUT_RETURN_TYPE = YES_ERROR;
				GCC_WARN_UNDECLARED_SELECTOR = YES;
				GCC_WARN_UNINITIALIZED_AUTOS = YES_AGGRESSIVE;
				GCC_WARN_UNUSED_FUNCTION = YES;
				GCC_WARN_UNUSED_VARIABLE = YES;
				IPHONEOS_DEPLOYMENT_TARGET = 14.4;
				MTL_ENABLE_DEBUG_INFO = INCLUDE_SOURCE;
				MTL_FAST_MATH = YES;
				ONLY_ACTIVE_ARCH = YES;
				SDKROOT = iphoneos;
				SWIFT_ACTIVE_COMPILATION_CONDITIONS = DEBUG;
				SWIFT_OPTIMIZATION_LEVEL = "-Onone";
			};
			name = Debug;
		};
		D05B2799277B8B5D0088F187 /* Release */ = {
			isa = XCBuildConfiguration;
			buildSettings = {
				ALWAYS_SEARCH_USER_PATHS = NO;
				CLANG_ANALYZER_NONNULL = YES;
				CLANG_ANALYZER_NUMBER_OBJECT_CONVERSION = YES_AGGRESSIVE;
				CLANG_CXX_LANGUAGE_STANDARD = "gnu++14";
				CLANG_CXX_LIBRARY = "libc++";
				CLANG_ENABLE_MODULES = YES;
				CLANG_ENABLE_OBJC_ARC = YES;
				CLANG_ENABLE_OBJC_WEAK = YES;
				CLANG_WARN_BLOCK_CAPTURE_AUTORELEASING = YES;
				CLANG_WARN_BOOL_CONVERSION = YES;
				CLANG_WARN_COMMA = YES;
				CLANG_WARN_CONSTANT_CONVERSION = YES;
				CLANG_WARN_DEPRECATED_OBJC_IMPLEMENTATIONS = YES;
				CLANG_WARN_DIRECT_OBJC_ISA_USAGE = YES_ERROR;
				CLANG_WARN_DOCUMENTATION_COMMENTS = YES;
				CLANG_WARN_EMPTY_BODY = YES;
				CLANG_WARN_ENUM_CONVERSION = YES;
				CLANG_WARN_INFINITE_RECURSION = YES;
				CLANG_WARN_INT_CONVERSION = YES;
				CLANG_WARN_NON_LITERAL_NULL_CONVERSION = YES;
				CLANG_WARN_OBJC_IMPLICIT_RETAIN_SELF = YES;
				CLANG_WARN_OBJC_LITERAL_CONVERSION = YES;
				CLANG_WARN_OBJC_ROOT_CLASS = YES_ERROR;
				CLANG_WARN_QUOTED_INCLUDE_IN_FRAMEWORK_HEADER = YES;
				CLANG_WARN_RANGE_LOOP_ANALYSIS = YES;
				CLANG_WARN_STRICT_PROTOTYPES = YES;
				CLANG_WARN_SUSPICIOUS_MOVE = YES;
				CLANG_WARN_UNGUARDED_AVAILABILITY = YES_AGGRESSIVE;
				CLANG_WARN_UNREACHABLE_CODE = YES;
				CLANG_WARN__DUPLICATE_METHOD_MATCH = YES;
				COPY_PHASE_STRIP = NO;
				DEBUG_INFORMATION_FORMAT = "dwarf-with-dsym";
				ENABLE_NS_ASSERTIONS = NO;
				ENABLE_STRICT_OBJC_MSGSEND = YES;
				GCC_C_LANGUAGE_STANDARD = gnu11;
				GCC_NO_COMMON_BLOCKS = YES;
				GCC_WARN_64_TO_32_BIT_CONVERSION = YES;
				GCC_WARN_ABOUT_RETURN_TYPE = YES_ERROR;
				GCC_WARN_UNDECLARED_SELECTOR = YES;
				GCC_WARN_UNINITIALIZED_AUTOS = YES_AGGRESSIVE;
				GCC_WARN_UNUSED_FUNCTION = YES;
				GCC_WARN_UNUSED_VARIABLE = YES;
				IPHONEOS_DEPLOYMENT_TARGET = 14.4;
				MTL_ENABLE_DEBUG_INFO = NO;
				MTL_FAST_MATH = YES;
				SDKROOT = iphoneos;
				SWIFT_COMPILATION_MODE = wholemodule;
				SWIFT_OPTIMIZATION_LEVEL = "-O";
				VALIDATE_PRODUCT = YES;
			};
			name = Release;
		};
		D05B279B277B8B5D0088F187 /* Debug */ = {
			isa = XCBuildConfiguration;
			buildSettings = {
				ASSETCATALOG_COMPILER_APPICON_NAME = AppIcon;
				ASSETCATALOG_COMPILER_GLOBAL_ACCENT_COLOR_NAME = AccentColor;
				CODE_SIGN_STYLE = Automatic;
				DEVELOPMENT_ASSET_PATHS = "\"CoolBeans/Preview Content\"";
				DEVELOPMENT_TEAM = J4Q2H4D999;
				ENABLE_PREVIEWS = YES;
				INFOPLIST_FILE = CoolBeans/Info.plist;
				LD_RUNPATH_SEARCH_PATHS = (
					"$(inherited)",
					"@executable_path/Frameworks",
				);
				PRODUCT_BUNDLE_IDENTIFIER = exelex.CoolBeans;
				PRODUCT_NAME = "$(TARGET_NAME)";
				SWIFT_VERSION = 5.0;
				TARGETED_DEVICE_FAMILY = "1,2";
			};
			name = Debug;
		};
		D05B279C277B8B5D0088F187 /* Release */ = {
			isa = XCBuildConfiguration;
			buildSettings = {
				ASSETCATALOG_COMPILER_APPICON_NAME = AppIcon;
				ASSETCATALOG_COMPILER_GLOBAL_ACCENT_COLOR_NAME = AccentColor;
				CODE_SIGN_STYLE = Automatic;
				DEVELOPMENT_ASSET_PATHS = "\"CoolBeans/Preview Content\"";
				DEVELOPMENT_TEAM = J4Q2H4D999;
				ENABLE_PREVIEWS = YES;
				INFOPLIST_FILE = CoolBeans/Info.plist;
				LD_RUNPATH_SEARCH_PATHS = (
					"$(inherited)",
					"@executable_path/Frameworks",
				);
				PRODUCT_BUNDLE_IDENTIFIER = exelex.CoolBeans;
				PRODUCT_NAME = "$(TARGET_NAME)";
				SWIFT_VERSION = 5.0;
				TARGETED_DEVICE_FAMILY = "1,2";
			};
			name = Release;
		};
/* End XCBuildConfiguration section */

/* Begin XCConfigurationList section */
		D05B2781277B8B5A0088F187 /* Build configuration list for PBXProject "CoolBeans" */ = {
			isa = XCConfigurationList;
			buildConfigurations = (
				D05B2798277B8B5D0088F187 /* Debug */,
				D05B2799277B8B5D0088F187 /* Release */,
			);
			defaultConfigurationIsVisible = 0;
			defaultConfigurationName = Release;
		};
		D05B279A277B8B5D0088F187 /* Build configuration list for PBXNativeTarget "CoolBeans" */ = {
			isa = XCConfigurationList;
			buildConfigurations = (
				D05B279B277B8B5D0088F187 /* Debug */,
				D05B279C277B8B5D0088F187 /* Release */,
			);
			defaultConfigurationIsVisible = 0;
			defaultConfigurationName = Release;
		};
/* End XCConfigurationList section */
	};
	rootObject = D05B277E277B8B5A0088F187 /* Project object */;
}
